hash: 5c7b3ec311317be927bc9599e3628ca37a59b67776422eaefbcf3d0af076fb0c
updated: 2018-12-23T21:37:15.226529+08:00
imports:
- name: github.com/dyike/httpClient
  version: e1ba4147aa1facddd4a614ef9b2211f7930f808a
- name: github.com/robfig/cron
  version: b41be1df696709bb6395fe435af20370037c0b4c
testImports: []
